{
  "version": 4,
  "terraform_version": "0.13.3",
  "serial": 24,
  "lineage": "f8e50b4f-4da5-079a-8c47-601cd1b7fbe4",
  "outputs": {
    "PivateRT": {
      "value": "rtb-0da734661f42eb779",
      "type": "string"
    },
    "PubluRT": {
      "value": "rtb-0a3358eb9ac74141f",
      "type": "string"
    },
    "igw": {
      "value": "igw-0c73ca27c5e14c883",
      "type": "string"
    },
    "privatesubnet": {
      "value": "subnet-00e636f36c6db3711",
      "type": "string"
    },
    "publicip": {
      "value": "52.12.16.169",
      "type": "string"
    },
    "publicsubnet": {
      "value": "subnet-07deaa7bbae90a698",
      "type": "string"
    },
    "vpcid": {
      "value": "vpc-0edf9d200c4a6b763",
      "type": "string"
    }
  },
  "resources": [
    {
      "mode": "managed",
      "type": "aws_instance",
      "name": "web",
      "provider": "provider[\"registry.terraform.io/hashicorp/aws\"]",
      "instances": [
        {
          "schema_version": 1,
          "attributes": {
            "ami": "ami-07a29e5e945228fa1",
            "arn": "arn:aws:ec2:us-west-2:686781234621:instance/i-0545a080a46e656fa",
            "associate_public_ip_address": true,
            "availability_zone": "us-west-2a",
            "cpu_core_count": 1,
            "cpu_threads_per_core": 1,
            "credit_specification": [
              {
                "cpu_credits": "standard"
              }
            ],
            "disable_api_termination": false,
            "ebs_block_device": [],
            "ebs_optimized": false,
            "ephemeral_block_device": [],
            "get_password_data": false,
            "hibernation": false,
            "host_id": null,
            "iam_instance_profile": "",
            "id": "i-0545a080a46e656fa",
            "instance_initiated_shutdown_behavior": null,
            "instance_state": "running",
            "instance_type": "t2.micro",
            "ipv6_address_count": 0,
            "ipv6_addresses": [],
            "key_name": "vpc-key",
            "metadata_options": [
              {
                "http_endpoint": "enabled",
                "http_put_response_hop_limit": 1,
                "http_tokens": "optional"
              }
            ],
            "monitoring": false,
            "network_interface": [],
            "outpost_arn": "",
            "password_data": "",
            "placement_group": "",
            "primary_network_interface_id": "eni-03764c382c401b477",
            "private_dns": "ip-192-168-0-199.us-west-2.compute.internal",
            "private_ip": "192.168.0.199",
            "public_dns": "ec2-52-12-16-169.us-west-2.compute.amazonaws.com",
            "public_ip": "52.12.16.169",
            "root_block_device": [
              {
                "delete_on_termination": true,
                "device_name": "/dev/sda1",
                "encrypted": false,
                "iops": 100,
                "kms_key_id": "",
                "volume_id": "vol-0dd93c078bc012aab",
                "volume_size": 8,
                "volume_type": "gp2"
              }
            ],
            "secondary_private_ips": [],
            "security_groups": [],
            "source_dest_check": true,
            "subnet_id": "subnet-07deaa7bbae90a698",
            "tags": {
              "Name": "HelloWorld"
            },
            "tenancy": "default",
            "timeouts": null,
            "user_data": null,
            "user_data_base64": null,
            "volume_tags": {},
            "vpc_security_group_ids": [
              "sg-0b1a3538f75d15393"
            ]
          },
          "private": "eyJlMmJmYjczMC1lY2FhLTExZTYtOGY4OC0zNDM2M2JjN2M0YzAiOnsiY3JlYXRlIjo2MDAwMDAwMDAwMDAsImRlbGV0ZSI6MTIwMDAwMDAwMDAwMCwidXBkYXRlIjo2MDAwMDAwMDAwMDB9LCJzY2hlbWFfdmVyc2lvbiI6IjEifQ==",
          "dependencies": [
            "aws_security_group.allow_tls",
            "aws_subnet.pubsubnet"
          ]
        }
      ]
    },
    {
      "mode": "managed",
      "type": "aws_internet_gateway",
      "name": "igwtf",
      "provider": "provider[\"registry.terraform.io/hashicorp/aws\"]",
      "instances": [
        {
          "schema_version": 0,
          "attributes": {
            "arn": "arn:aws:ec2:us-west-2:686781234621:internet-gateway/igw-0c73ca27c5e14c883",
            "id": "igw-0c73ca27c5e14c883",
            "owner_id": "686781234621",
            "tags": {
              "Name": "IGWTF"
            },
            "vpc_id": "vpc-0edf9d200c4a6b763"
          },
          "private": "bnVsbA==",
          "dependencies": [
            "aws_vpc.vpctf"
          ]
        }
      ]
    },
    {
      "mode": "managed",
      "type": "aws_route_table",
      "name": "priRT",
      "provider": "provider[\"registry.terraform.io/hashicorp/aws\"]",
      "instances": [
        {
          "schema_version": 0,
          "attributes": {
            "id": "rtb-0da734661f42eb779",
            "owner_id": "686781234621",
            "propagating_vgws": [],
            "route": [],
            "tags": {
              "Name": "PrivateRT"
            },
            "vpc_id": "vpc-0edf9d200c4a6b763"
          },
          "private": "bnVsbA==",
          "dependencies": [
            "aws_vpc.vpctf"
          ]
        }
      ]
    },
    {
      "mode": "managed",
      "type": "aws_route_table",
      "name": "pubRT",
      "provider": "provider[\"registry.terraform.io/hashicorp/aws\"]",
      "instances": [
        {
          "schema_version": 0,
          "attributes": {
            "id": "rtb-0a3358eb9ac74141f",
            "owner_id": "686781234621",
            "propagating_vgws": [],
            "route": [
              {
                "cidr_block": "0.0.0.0/0",
                "egress_only_gateway_id": "",
                "gateway_id": "igw-0c73ca27c5e14c883",
                "instance_id": "",
                "ipv6_cidr_block": "",
                "local_gateway_id": "",
                "nat_gateway_id": "",
                "network_interface_id": "",
                "transit_gateway_id": "",
                "vpc_peering_connection_id": ""
              }
            ],
            "tags": {
              "Name": "PublicRT"
            },
            "vpc_id": "vpc-0edf9d200c4a6b763"
          },
          "private": "bnVsbA==",
          "dependencies": [
            "aws_internet_gateway.igwtf",
            "aws_vpc.vpctf"
          ]
        }
      ]
    },
    {
      "mode": "managed",
      "type": "aws_route_table_association",
      "name": "a",
      "provider": "provider[\"registry.terraform.io/hashicorp/aws\"]",
      "instances": [
        {
          "schema_version": 0,
          "attributes": {
            "gateway_id": null,
            "id": "rtbassoc-01c0c9d6df60e2884",
            "route_table_id": "rtb-0a3358eb9ac74141f",
            "subnet_id": "subnet-07deaa7bbae90a698"
          },
          "private": "bnVsbA==",
          "dependencies": [
            "aws_internet_gateway.igwtf",
            "aws_route_table.pubRT",
            "aws_subnet.pubsubnet",
            "aws_vpc.vpctf"
          ]
        }
      ]
    },
    {
      "mode": "managed",
      "type": "aws_route_table_association",
      "name": "b",
      "provider": "provider[\"registry.terraform.io/hashicorp/aws\"]",
      "instances": [
        {
          "schema_version": 0,
          "attributes": {
            "gateway_id": null,
            "id": "rtbassoc-026578bd5c207f85d",
            "route_table_id": "rtb-0da734661f42eb779",
            "subnet_id": "subnet-00e636f36c6db3711"
          },
          "private": "bnVsbA==",
          "dependencies": [
            "aws_route_table.priRT",
            "aws_subnet.prisubnet",
            "aws_vpc.vpctf"
          ]
        }
      ]
    },
    {
      "mode": "managed",
      "type": "aws_security_group",
      "name": "allow_tls",
      "provider": "provider[\"registry.terraform.io/hashicorp/aws\"]",
      "instances": [
        {
          "schema_version": 1,
          "attributes": {
            "arn": "arn:aws:ec2:us-west-2:686781234621:security-group/sg-0b1a3538f75d15393",
            "description": "Allow TLS inbound traffic",
            "egress": [
              {
                "cidr_blocks": [
                  "0.0.0.0/0"
                ],
                "description": "",
                "from_port": 0,
                "ipv6_cidr_blocks": [],
                "prefix_list_ids": [],
                "protocol": "-1",
                "security_groups": [],
                "self": false,
                "to_port": 0
              }
            ],
            "id": "sg-0b1a3538f75d15393",
            "ingress": [
              {
                "cidr_blocks": [
                  "0.0.0.0/0"
                ],
                "description": "TLS from VPC",
                "from_port": 0,
                "ipv6_cidr_blocks": [],
                "prefix_list_ids": [],
                "protocol": "-1",
                "security_groups": [],
                "self": false,
                "to_port": 0
              }
            ],
            "name": "allow_tls",
            "name_prefix": "",
            "owner_id": "686781234621",
            "revoke_rules_on_delete": false,
            "tags": {
              "Name": "allow_tls"
            },
            "timeouts": null,
            "vpc_id": "vpc-0edf9d200c4a6b763"
          },
          "private": "eyJlMmJmYjczMC1lY2FhLTExZTYtOGY4OC0zNDM2M2JjN2M0YzAiOnsiY3JlYXRlIjo2MDAwMDAwMDAwMDAsImRlbGV0ZSI6NjAwMDAwMDAwMDAwfSwic2NoZW1hX3ZlcnNpb24iOiIxIn0=",
          "dependencies": [
            "aws_vpc.vpctf"
          ]
        }
      ]
    },
    {
      "mode": "managed",
      "type": "aws_subnet",
      "name": "prisubnet",
      "provider": "provider[\"registry.terraform.io/hashicorp/aws\"]",
      "instances": [
        {
          "schema_version": 1,
          "attributes": {
            "arn": "arn:aws:ec2:us-west-2:686781234621:subnet/subnet-00e636f36c6db3711",
            "assign_ipv6_address_on_creation": false,
            "availability_zone": "us-west-2b",
            "availability_zone_id": "usw2-az1",
            "cidr_block": "192.168.1.0/24",
            "id": "subnet-00e636f36c6db3711",
            "ipv6_cidr_block": "",
            "ipv6_cidr_block_association_id": "",
            "map_public_ip_on_launch": false,
            "outpost_arn": "",
            "owner_id": "686781234621",
            "tags": {
              "Name": "Privatesubnet"
            },
            "timeouts": null,
            "vpc_id": "vpc-0edf9d200c4a6b763"
          },
          "private": "eyJlMmJmYjczMC1lY2FhLTExZTYtOGY4OC0zNDM2M2JjN2M0YzAiOnsiY3JlYXRlIjo2MDAwMDAwMDAwMDAsImRlbGV0ZSI6MTIwMDAwMDAwMDAwMH0sInNjaGVtYV92ZXJzaW9uIjoiMSJ9",
          "dependencies": [
            "aws_vpc.vpctf"
          ]
        }
      ]
    },
    {
      "mode": "managed",
      "type": "aws_subnet",
      "name": "pubsubnet",
      "provider": "provider[\"registry.terraform.io/hashicorp/aws\"]",
      "instances": [
        {
          "schema_version": 1,
          "attributes": {
            "arn": "arn:aws:ec2:us-west-2:686781234621:subnet/subnet-07deaa7bbae90a698",
            "assign_ipv6_address_on_creation": false,
            "availability_zone": "us-west-2a",
            "availability_zone_id": "usw2-az2",
            "cidr_block": "192.168.0.0/24",
            "id": "subnet-07deaa7bbae90a698",
            "ipv6_cidr_block": "",
            "ipv6_cidr_block_association_id": "",
            "map_public_ip_on_launch": false,
            "outpost_arn": "",
            "owner_id": "686781234621",
            "tags": {
              "Name": "Publicsubnet"
            },
            "timeouts": null,
            "vpc_id": "vpc-0edf9d200c4a6b763"
          },
          "private": "eyJlMmJmYjczMC1lY2FhLTExZTYtOGY4OC0zNDM2M2JjN2M0YzAiOnsiY3JlYXRlIjo2MDAwMDAwMDAwMDAsImRlbGV0ZSI6MTIwMDAwMDAwMDAwMH0sInNjaGVtYV92ZXJzaW9uIjoiMSJ9",
          "dependencies": [
            "aws_vpc.vpctf"
          ]
        }
      ]
    },
    {
      "mode": "managed",
      "type": "aws_vpc",
      "name": "vpctf",
      "provider": "provider[\"registry.terraform.io/hashicorp/aws\"]",
      "instances": [
        {
          "schema_version": 1,
          "attributes": {
            "arn": "arn:aws:ec2:us-west-2:686781234621:vpc/vpc-0edf9d200c4a6b763",
            "assign_generated_ipv6_cidr_block": false,
            "cidr_block": "192.168.0.0/16",
            "default_network_acl_id": "acl-03ded2cd952cd6a40",
            "default_route_table_id": "rtb-061580cfe1ed65bf0",
            "default_security_group_id": "sg-0ed60cfd6212c9a02",
            "dhcp_options_id": "dopt-a8483ed0",
            "enable_classiclink": false,
            "enable_classiclink_dns_support": false,
            "enable_dns_hostnames": true,
            "enable_dns_support": true,
            "id": "vpc-0edf9d200c4a6b763",
            "instance_tenancy": "default",
            "ipv6_association_id": "",
            "ipv6_cidr_block": "",
            "main_route_table_id": "rtb-061580cfe1ed65bf0",
            "owner_id": "686781234621",
            "tags": {
              "Name": "VPCTF"
            }
          },
          "private": "eyJzY2hlbWFfdmVyc2lvbiI6IjEifQ=="
        }
      ]
    }
  ]
}
